
Microsoft Visual Studio Solution File, Format Version 12.00
# Visual Studio Express 2012 for Windows Desktop
Project("{8BC9CEB8-8B4A-11D0-8D11-00A0C91BC942}") = "Hikari Engine", "Hikari Engine.vcxproj", "{B176FA67-7620-4117-9966-B8B55373B9C5}"
EndProject
Project("{8BC9CEB8-8B4A-11D0-8D11-00A0C91BC942}") = "UnitTests", "..\UnitTests\UnitTests.vcxproj", "{3F6EBBAA-18EB-4FFC-93B0-1B5615DBE900}"
	ProjectSection(ProjectDependencies) = postProject
		{B176FA67-7620-4117-9966-B8B55373B9C5} = {B176FA67-7620-4117-9966-B8B55373B9C5}
	EndProjectSection
EndProject
Global
	GlobalSection(SolutionConfigurationPlatforms) = preSolution
		Debug|Win32 = Debug|Win32
		Release|Win32 = Release|Win32
	EndGlobalSection
	GlobalSection(ProjectConfigurationPlatforms) = postSolution
		{B176FA67-7620-4117-9966-B8B55373B9C5}.Debug|Win32.ActiveCfg = Debug|Win32
		{B176FA67-7620-4117-9966-B8B55373B9C5}.Debug|Win32.Build.0 = Debug|Win32
		{B176FA67-7620-4117-9966-B8B55373B9C5}.Release|Win32.ActiveCfg = Release|Win32
		{B176FA67-7620-4117-9966-B8B55373B9C5}.Release|Win32.Build.0 = Release|Win32
		{3F6EBBAA-18EB-4FFC-93B0-1B5615DBE900}.Debug|Win32.ActiveCfg = Debug|Win32
		{3F6EBBAA-18EB-4FFC-93B0-1B5615DBE900}.Debug|Win32.Build.0 = Debug|Win32
		{3F6EBBAA-18EB-4FFC-93B0-1B5615DBE900}.Release|Win32.ActiveCfg = Release|Win32
		{3F6EBBAA-18EB-4FFC-93B0-1B5615DBE900}.Release|Win32.Build.0 = Release|Win32
	EndGlobalSection
	GlobalSection(SolutionProperties) = preSolution
		HideSolutionNode = FALSE
	EndGlobalSection
EndGlobal
